
Microsoft Visual Studio Solution File, Format Version 12.00
# Visual Studio Version 16
VisualStudioVersion = 16.0.30907.101
MinimumVisualStudioVersion = 10.0.40219.1
Project("{FAE04EC0-301F-11D3-BF4B-00C04F79EFBC}") = "CBPManilaMobile.UWP", "CBPManilaMobile\CBPManilaMobile.UWP\CBPManilaMobile.UWP.csproj", "{B7864381-778B-4883-B777-4194D809CAAC}"
EndProject
Project("{FAE04EC0-301F-11D3-BF4B-00C04F79EFBC}") = "CBPManilaMobile.Android", "CBPManilaMobile\CBPManilaMobile.Android\CBPManilaMobile.Android.csproj", "{68CAED12-FF63-43B5-BC32-E42D59ACA60C}"
EndProject
Project("{FAE04EC0-301F-11D3-BF4B-00C04F79EFBC}") = "CBPManilaMobile.iOS", "CBPManilaMobile\CBPManilaMobile.iOS\CBPManilaMobile.iOS.csproj", "{71282A9F-87F4-4302-ABFE-269C7289AC15}"
EndProject
Project("{FAE04EC0-301F-11D3-BF4B-00C04F79EFBC}") = "CBPManilaMobile", "CBPManilaMobile\CBPManilaMobile\CBPManilaMobile.csproj", "{52D4BD60-871B-44E7-A8FC-E64FAF828D6F}"
EndProject
Global
	GlobalSection(SolutionConfigurationPlatforms) = preSolution
		Debug|Any CPU = Debug|Any CPU
		Debug|ARM = Debug|ARM
		Debug|iPhone = Debug|iPhone
		Debug|iPhoneSimulator = Debug|iPhoneSimulator
		Debug|x64 = Debug|x64
		Debug|x86 = Debug|x86
		Release|Any CPU = Release|Any CPU
		Release|ARM = Release|ARM
		Release|iPhone = Release|iPhone
		Release|iPhoneSimulator = Release|iPhoneSimulator
		Release|x64 = Release|x64
		Release|x86 = Release|x86
	EndGlobalSection
	GlobalSection(ProjectConfigurationPlatforms) = postSolution
		{B7864381-778B-4883-B777-4194D809CAAC}.Debug|Any CPU.ActiveCfg = Debug|x86
		{B7864381-778B-4883-B777-4194D809CAAC}.Debug|Any CPU.Build.0 = Debug|x86
		{B7864381-778B-4883-B777-4194D809CAAC}.Debug|Any CPU.Deploy.0 = Debug|x86
		{B7864381-778B-4883-B777-4194D809CAAC}.Debug|ARM.ActiveCfg = Debug|ARM
		{B7864381-778B-4883-B777-4194D809CAAC}.Debug|ARM.Build.0 = Debug|ARM
		{B7864381-778B-4883-B777-4194D809CAAC}.Debug|ARM.Deploy.0 = Debug|ARM
		{B7864381-778B-4883-B777-4194D809CAAC}.Debug|iPhone.ActiveCfg = Debug|x86
		{B7864381-778B-4883-B777-4194D809CAAC}.Debug|iPhone.Build.0 = Debug|x86
		{B7864381-778B-4883-B777-4194D809CAAC}.Debug|iPhone.Deploy.0 = Debug|x86
		{B7864381-778B-4883-B777-4194D809CAAC}.Debug|iPhoneSimulator.ActiveCfg = Debug|x86
		{B7864381-778B-4883-B777-4194D809CAAC}.Debug|iPhoneSimulator.Build.0 = Debug|x86
		{B7864381-778B-4883-B777-4194D809CAAC}.Debug|iPhoneSimulator.Deploy.0 = Debug|x86
		{B7864381-778B-4883-B777-4194D809CAAC}.Debug|x64.ActiveCfg = Debug|x64
		{B7864381-778B-4883-B777-4194D809CAAC}.Debug|x64.Build.0 = Debug|x64
		{B7864381-778B-4883-B777-4194D809CAAC}.Debug|x64.Deploy.0 = Debug|x64
		{B7864381-778B-4883-B777-4194D809CAAC}.Debug|x86.ActiveCfg = Debug|x86
		{B7864381-778B-4883-B777-4194D809CAAC}.Debug|x86.Build.0 = Debug|x86
		{B7864381-778B-4883-B777-4194D809CAAC}.Debug|x86.Deploy.0 = Debug|x86
		{B7864381-778B-4883-B777-4194D809CAAC}.Release|Any CPU.ActiveCfg = Release|x86
		{B7864381-778B-4883-B777-4194D809CAAC}.Release|Any CPU.Build.0 = Release|x86
		{B7864381-778B-4883-B777-4194D809CAAC}.Release|Any CPU.Deploy.0 = Release|x86
		{B7864381-778B-4883-B777-4194D809CAAC}.Release|ARM.ActiveCfg = Release|ARM
		{B7864381-778B-4883-B777-4194D809CAAC}.Release|ARM.Build.0 = Release|ARM
		{B7864381-778B-4883-B777-4194D809CAAC}.Release|ARM.Deploy.0 = Release|ARM
		{B7864381-778B-4883-B777-4194D809CAAC}.Release|iPhone.ActiveCfg = Release|x86
		{B7864381-778B-4883-B777-4194D809CAAC}.Release|iPhone.Build.0 = Release|x86
		{B7864381-778B-4883-B777-4194D809CAAC}.Release|iPhone.Deploy.0 = Release|x86
		{B7864381-778B-4883-B777-4194D809CAAC}.Release|iPhoneSimulator.ActiveCfg = Release|x86
		{B7864381-778B-4883-B777-4194D809CAAC}.Release|iPhoneSimulator.Build.0 = Release|x86
		{B7864381-778B-4883-B777-4194D809CAAC}.Release|iPhoneSimulator.Deploy.0 = Release|x86
		{B7864381-778B-4883-B777-4194D809CAAC}.Release|x64.ActiveCfg = Release|x64
		{B7864381-778B-4883-B777-4194D809CAAC}.Release|x64.Build.0 = Release|x64
		{B7864381-778B-4883-B777-4194D809CAAC}.Release|x64.Deploy.0 = Release|x64
		{B7864381-778B-4883-B777-4194D809CAAC}.Release|x86.ActiveCfg = Release|x86
		{B7864381-778B-4883-B777-4194D809CAAC}.Release|x86.Build.0 = Release|x86
		{B7864381-778B-4883-B777-4194D809CAAC}.Release|x86.Deploy.0 = Release|x86
		{68CAED12-FF63-43B5-BC32-E42D59ACA60C}.Debug|Any CPU.ActiveCfg = Debug|Any CPU
		{68CAED12-FF63-43B5-BC32-E42D59ACA60C}.Debug|Any CPU.Build.0 = Debug|Any CPU
		{68CAED12-FF63-43B5-BC32-E42D59ACA60C}.Debug|Any CPU.Deploy.0 = Debug|Any CPU
		{68CAED12-FF63-43B5-BC32-E42D59ACA60C}.Debug|ARM.ActiveCfg = Debug|Any CPU
		{68CAED12-FF63-43B5-BC32-E42D59ACA60C}.Debug|ARM.Build.0 = Debug|Any CPU
		{68CAED12-FF63-43B5-BC32-E42D59ACA60C}.Debug|ARM.Deploy.0 = Debug|Any CPU
		{68CAED12-FF63-43B5-BC32-E42D59ACA60C}.Debug|iPhone.ActiveCfg = Debug|Any CPU
		{68CAED12-FF63-43B5-BC32-E42D59ACA60C}.Debug|iPhone.Build.0 = Debug|Any CPU
		{68CAED12-FF63-43B5-BC32-E42D59ACA60C}.Debug|iPhone.Deploy.0 = Debug|Any CPU
		{68CAED12-FF63-43B5-BC32-E42D59ACA60C}.Debug|iPhoneSimulator.ActiveCfg = Debug|Any CPU
		{68CAED12-FF63-43B5-BC32-E42D59ACA60C}.Debug|iPhoneSimulator.Build.0 = Debug|Any CPU
		{68CAED12-FF63-43B5-BC32-E42D59ACA60C}.Debug|iPhoneSimulator.Deploy.0 = Debug|Any CPU
		{68CAED12-FF63-43B5-BC32-E42D59ACA60C}.Debug|x64.ActiveCfg = Debug|Any CPU
		{68CAED12-FF63-43B5-BC32-E42D59ACA60C}.Debug|x64.Build.0 = Debug|Any CPU
		{68CAED12-FF63-43B5-BC32-E42D59ACA60C}.Debug|x64.Deploy.0 = Debug|Any CPU
		{68CAED12-FF63-43B5-BC32-E42D59ACA60C}.Debug|x86.ActiveCfg = Debug|Any CPU
		{68CAED12-FF63-43B5-BC32-E42D59ACA60C}.Debug|x86.Build.0 = Debug|Any CPU
		{68CAED12-FF63-43B5-BC32-E42D59ACA60C}.Debug|x86.Deploy.0 = Debug|Any CPU
		{68CAED12-FF63-43B5-BC32-E42D59ACA60C}.Release|Any CPU.ActiveCfg = Release|Any CPU
		{68CAED12-FF63-43B5-BC32-E42D59ACA60C}.Release|Any CPU.Build.0 = Release|Any CPU
		{68CAED12-FF63-43B5-BC32-E42D59ACA60C}.Release|Any CPU.Deploy.0 = Release|Any CPU
		{68CAED12-FF63-43B5-BC32-E42D59ACA60C}.Release|ARM.ActiveCfg = Release|Any CPU
		{68CAED12-FF63-43B5-BC32-E42D59ACA60C}.Release|ARM.Build.0 = Release|Any CPU
		{68CAED12-FF63-43B5-BC32-E42D59ACA60C}.Release|ARM.Deploy.0 = Release|Any CPU
		{68CAED12-FF63-43B5-BC32-E42D59ACA60C}.Release|iPhone.ActiveCfg = Release|Any CPU
		{68CAED12-FF63-43B5-BC32-E42D59ACA60C}.Release|iPhone.Build.0 = Release|Any CPU
		{68CAED12-FF63-43B5-BC32-E42D59ACA60C}.Release|iPhone.Deploy.0 = Release|Any CPU
		{68CAED12-FF63-43B5-BC32-E42D59ACA60C}.Release|iPhoneSimulator.ActiveCfg = Release|Any CPU
		{68CAED12-FF63-43B5-BC32-E42D59ACA60C}.Release|iPhoneSimulator.Build.0 = Release|Any CPU
		{68CAED12-FF63-43B5-BC32-E42D59ACA60C}.Release|iPhoneSimulator.Deploy.0 = Release|Any CPU
		{68CAED12-FF63-43B5-BC32-E42D59ACA60C}.Release|x64.ActiveCfg = Release|Any CPU
		{68CAED12-FF63-43B5-BC32-E42D59ACA60C}.Release|x64.Build.0 = Release|Any CPU
		{68CAED12-FF63-43B5-BC32-E42D59ACA60C}.Release|x64.Deploy.0 = Release|Any CPU
		{68CAED12-FF63-43B5-BC32-E42D59ACA60C}.Release|x86.ActiveCfg = Release|Any CPU
		{68CAED12-FF63-43B5-BC32-E42D59ACA60C}.Release|x86.Build.0 = Release|Any CPU
		{68CAED12-FF63-43B5-BC32-E42D59ACA60C}.Release|x86.Deploy.0 = Release|Any CPU
		{71282A9F-87F4-4302-ABFE-269C7289AC15}.Debug|Any CPU.ActiveCfg = Debug|iPhoneSimulator
		{71282A9F-87F4-4302-ABFE-269C7289AC15}.Debug|Any CPU.Build.0 = Debug|iPhoneSimulator
		{71282A9F-87F4-4302-ABFE-269C7289AC15}.Debug|Any CPU.Deploy.0 = Debug|iPhoneSimulator
		{71282A9F-87F4-4302-ABFE-269C7289AC15}.Debug|ARM.ActiveCfg = Debug|iPhone
		{71282A9F-87F4-4302-ABFE-269C7289AC15}.Debug|ARM.Build.0 = Debug|iPhone
		{71282A9F-87F4-4302-ABFE-269C7289AC15}.Debug|ARM.Deploy.0 = Debug|iPhone
		{71282A9F-87F4-4302-ABFE-269C7289AC15}.Debug|iPhone.ActiveCfg = Debug|iPhone
		{71282A9F-87F4-4302-ABFE-269C7289AC15}.Debug|iPhone.Build.0 = Debug|iPhone
		{71282A9F-87F4-4302-ABFE-269C7289AC15}.Debug|iPhone.Deploy.0 = Debug|iPhone
		{71282A9F-87F4-4302-ABFE-269C7289AC15}.Debug|iPhoneSimulator.ActiveCfg = Debug|iPhoneSimulator
		{71282A9F-87F4-4302-ABFE-269C7289AC15}.Debug|iPhoneSimulator.Build.0 = Debug|iPhoneSimulator
		{71282A9F-87F4-4302-ABFE-269C7289AC15}.Debug|iPhoneSimulator.Deploy.0 = Debug|iPhoneSimulator
		{71282A9F-87F4-4302-ABFE-269C7289AC15}.Debug|x64.ActiveCfg = Debug|iPhoneSimulator
		{71282A9F-87F4-4302-ABFE-269C7289AC15}.Debug|x64.Build.0 = Debug|iPhoneSimulator
		{71282A9F-87F4-4302-ABFE-269C7289AC15}.Debug|x64.Deploy.0 = Debug|iPhoneSimulator
		{71282A9F-87F4-4302-ABFE-269C7289AC15}.Debug|x86.ActiveCfg = Debug|iPhoneSimulator
		{71282A9F-87F4-4302-ABFE-269C7289AC15}.Debug|x86.Build.0 = Debug|iPhoneSimulator
		{71282A9F-87F4-4302-ABFE-269C7289AC15}.Debug|x86.Deploy.0 = Debug|iPhoneSimulator
		{71282A9F-87F4-4302-ABFE-269C7289AC15}.Release|Any CPU.ActiveCfg = Release|iPhoneSimulator
		{71282A9F-87F4-4302-ABFE-269C7289AC15}.Release|Any CPU.Build.0 = Release|iPhoneSimulator
		{71282A9F-87F4-4302-ABFE-269C7289AC15}.Release|Any CPU.Deploy.0 = Release|iPhoneSimulator
		{71282A9F-87F4-4302-ABFE-269C7289AC15}.Release|ARM.ActiveCfg = Release|iPhoneSimulator
		{71282A9F-87F4-4302-ABFE-269C7289AC15}.Release|ARM.Build.0 = Release|iPhoneSimulator
		{71282A9F-87F4-4302-ABFE-269C7289AC15}.Release|ARM.Deploy.0 = Release|iPhoneSimulator
		{71282A9F-87F4-4302-ABFE-269C7289AC15}.Release|iPhone.ActiveCfg = Release|iPhone
		{71282A9F-87F4-4302-ABFE-269C7289AC15}.Release|iPhone.Build.0 = Release|iPhone
		{71282A9F-87F4-4302-ABFE-269C7289AC15}.Release|iPhone.Deploy.0 = Release|iPhone
		{71282A9F-87F4-4302-ABFE-269C7289AC15}.Release|iPhoneSimulator.ActiveCfg = Release|iPhoneSimulator
		{71282A9F-87F4-4302-ABFE-269C7289AC15}.Release|iPhoneSimulator.Build.0 = Release|iPhoneSimulator
		{71282A9F-87F4-4302-ABFE-269C7289AC15}.Release|iPhoneSimulator.Deploy.0 = Release|iPhoneSimulator
		{71282A9F-87F4-4302-ABFE-269C7289AC15}.Release|x64.ActiveCfg = Release|iPhoneSimulator
		{71282A9F-87F4-4302-ABFE-269C7289AC15}.Release|x64.Build.0 = Release|iPhoneSimulator
		{71282A9F-87F4-4302-ABFE-269C7289AC15}.Release|x64.Deploy.0 = Release|iPhoneSimulator
		{71282A9F-87F4-4302-ABFE-269C7289AC15}.Release|x86.ActiveCfg = Release|iPhoneSimulator
		{71282A9F-87F4-4302-ABFE-269C7289AC15}.Release|x86.Build.0 = Release|iPhoneSimulator
		{71282A9F-87F4-4302-ABFE-269C7289AC15}.Release|x86.Deploy.0 = Release|iPhoneSimulator
		{52D4BD60-871B-44E7-A8FC-E64FAF828D6F}.Debug|Any CPU.ActiveCfg = Debug|Any CPU
		{52D4BD60-871B-44E7-A8FC-E64FAF828D6F}.Debug|Any CPU.Build.0 = Debug|Any CPU
		{52D4BD60-871B-44E7-A8FC-E64FAF828D6F}.Debug|Any CPU.Deploy.0 = Debug|Any CPU
		{52D4BD60-871B-44E7-A8FC-E64FAF828D6F}.Debug|ARM.ActiveCfg = Debug|Any CPU
		{52D4BD60-871B-44E7-A8FC-E64FAF828D6F}.Debug|ARM.Build.0 = Debug|Any CPU
		{52D4BD60-871B-44E7-A8FC-E64FAF828D6F}.Debug|ARM.Deploy.0 = Debug|Any CPU
		{52D4BD60-871B-44E7-A8FC-E64FAF828D6F}.Debug|iPhone.ActiveCfg = Debug|Any CPU
		{52D4BD60-871B-44E7-A8FC-E64FAF828D6F}.Debug|iPhone.Build.0 = Debug|Any CPU
		{52D4BD60-871B-44E7-A8FC-E64FAF828D6F}.Debug|iPhone.Deploy.0 = Debug|Any CPU
		{52D4BD60-871B-44E7-A8FC-E64FAF828D6F}.Debug|iPhoneSimulator.ActiveCfg = Debug|Any CPU
		{52D4BD60-871B-44E7-A8FC-E64FAF828D6F}.Debug|iPhoneSimulator.Build.0 = Debug|Any CPU
		{52D4BD60-871B-44E7-A8FC-E64FAF828D6F}.Debug|iPhoneSimulator.Deploy.0 = Debug|Any CPU
		{52D4BD60-871B-44E7-A8FC-E64FAF828D6F}.Debug|x64.ActiveCfg = Debug|Any CPU
		{52D4BD60-871B-44E7-A8FC-E64FAF828D6F}.Debug|x64.Build.0 = Debug|Any CPU
		{52D4BD60-871B-44E7-A8FC-E64FAF828D6F}.Debug|x64.Deploy.0 = Debug|Any CPU
		{52D4BD60-871B-44E7-A8FC-E64FAF828D6F}.Debug|x86.ActiveCfg = Debug|Any CPU
		{52D4BD60-871B-44E7-A8FC-E64FAF828D6F}.Debug|x86.Build.0 = Debug|Any CPU
		{52D4BD60-871B-44E7-A8FC-E64FAF828D6F}.Debug|x86.Deploy.0 = Debug|Any CPU
		{52D4BD60-871B-44E7-A8FC-E64FAF828D6F}.Release|Any CPU.ActiveCfg = Release|Any CPU
		{52D4BD60-871B-44E7-A8FC-E64FAF828D6F}.Release|Any CPU.Build.0 = Release|Any CPU
		{52D4BD60-871B-44E7-A8FC-E64FAF828D6F}.Release|Any CPU.Deploy.0 = Release|Any CPU
		{52D4BD60-871B-44E7-A8FC-E64FAF828D6F}.Release|ARM.ActiveCfg = Release|Any CPU
		{52D4BD60-871B-44E7-A8FC-E64FAF828D6F}.Release|ARM.Build.0 = Release|Any CPU
		{52D4BD60-871B-44E7-A8FC-E64FAF828D6F}.Release|ARM.Deploy.0 = Release|Any CPU
		{52D4BD60-871B-44E7-A8FC-E64FAF828D6F}.Release|iPhone.ActiveCfg = Release|Any CPU
		{52D4BD60-871B-44E7-A8FC-E64FAF828D6F}.Release|iPhone.Build.0 = Release|Any CPU
		{52D4BD60-871B-44E7-A8FC-E64FAF828D6F}.Release|iPhone.Deploy.0 = Release|Any CPU
		{52D4BD60-871B-44E7-A8FC-E64FAF828D6F}.Release|iPhoneSimulator.ActiveCfg = Release|Any CPU
		{52D4BD60-871B-44E7-A8FC-E64FAF828D6F}.Release|iPhoneSimulator.Build.0 = Release|Any CPU
		{52D4BD60-871B-44E7-A8FC-E64FAF828D6F}.Release|iPhoneSimulator.Deploy.0 = Release|Any CPU
		{52D4BD60-871B-44E7-A8FC-E64FAF828D6F}.Release|x64.ActiveCfg = Release|Any CPU
		{52D4BD60-871B-44E7-A8FC-E64FAF828D6F}.Release|x64.Build.0 = Release|Any CPU
		{52D4BD60-871B-44E7-A8FC-E64FAF828D6F}.Release|x64.Deploy.0 = Release|Any CPU
		{52D4BD60-871B-44E7-A8FC-E64FAF828D6F}.Release|x86.ActiveCfg = Release|Any CPU
		{52D4BD60-871B-44E7-A8FC-E64FAF828D6F}.Release|x86.Build.0 = Release|Any CPU
		{52D4BD60-871B-44E7-A8FC-E64FAF828D6F}.Release|x86.Deploy.0 = Release|Any CPU
	EndGlobalSection
	GlobalSection(SolutionProperties) = preSolution
		HideSolutionNode = FALSE
	EndGlobalSection
	GlobalSection(ExtensibilityGlobals) = postSolution
		SolutionGuid = {20409211-7EAD-469A-B28B-6209D0191993}
	EndGlobalSection
EndGlobal
